// !$*UTF8*$!
{
	archiveVersion = 1;
	classes = {
	};
	objectVersion = 55;
	objects = {

/* Begin PBXBuildFile section */
		9415ED4328154B9600BDD146 /* ArticleCollectionView.swift in Sources */ = {isa = PBXBuildFile; fileRef = 9415ED4228154B9600BDD146 /* ArticleCollectionView.swift */; };
		9415ED4528154CAE00BDD146 /* ArticleTableViewCell.swift in Sources */ = {isa = PBXBuildFile; fileRef = 9415ED4428154CAE00BDD146 /* ArticleTableViewCell.swift */; };
		945ED7F328151E3C004D6C6F /* AppDelegate.swift in Sources */ = {isa = PBXBuildFile; fileRef = 945ED7F228151E3C004D6C6F /* AppDelegate.swift */; };
		945ED7F528151E3C004D6C6F /* SceneDelegate.swift in Sources */ = {isa = PBXBuildFile; fileRef = 945ED7F428151E3C004D6C6F /* SceneDelegate.swift */; };
		945ED7F728151E3C004D6C6F /* ViewController.swift in Sources */ = {isa = PBXBuildFile; fileRef = 945ED7F628151E3C004D6C6F /* ViewController.swift */; };
		945ED7FA28151E3C004D6C6F /* Main.storyboard in Resources */ = {isa = PBXBuildFile; fileRef = 945ED7F828151E3C004D6C6F /* Main.storyboard */; };
		945ED7FC28151E3E004D6C6F /* Assets.xcassets in Resources */ = {isa = PBXBuildFile; fileRef = 945ED7FB28151E3E004D6C6F /* Assets.xcassets */; };
		945ED7FF28151E3E004D6C6F /* LaunchScreen.storyboard in Resources */ = {isa = PBXBuildFile; fileRef = 945ED7FD28151E3E004D6C6F /* LaunchScreen.storyboard */; };
/* End PBXBuildFile section */

/* Begin PBXFileReference section */
		9415ED4228154B9600BDD146 /* ArticleCollectionView.swift */ = {isa = PBXFileReference; lastKnownFileType = sourcecode.swift; path = ArticleCollectionView.swift; sourceTree = "<group>"; };
		9415ED4428154CAE00BDD146 /* ArticleTableViewCell.swift */ = {isa = PBXFileReference; lastKnownFileType = sourcecode.swift; path = ArticleTableViewCell.swift; sourceTree = "<group>"; };
		945ED7EF28151E3C004D6C6F /* SuperStox.app */ = {isa = PBXFileReference; explicitFileType = wrapper.application; includeInIndex = 0; path = SuperStox.app; sourceTree = BUILT_PRODUCTS_DIR; };
		945ED7F228151E3C004D6C6F /* AppDelegate.swift */ = {isa = PBXFileReference; lastKnownFileType = sourcecode.swift; path = AppDelegate.swift; sourceTree = "<group>"; };
		945ED7F428151E3C004D6C6F /* SceneDelegate.swift */ = {isa = PBXFileReference; lastKnownFileType = sourcecode.swift; path = SceneDelegate.swift; sourceTree = "<group>"; };
		945ED7F628151E3C004D6C6F /* ViewController.swift */ = {isa = PBXFileReference; lastKnownFileType = sourcecode.swift; path = ViewController.swift; sourceTree = "<group>"; };
		945ED7F928151E3C004D6C6F /* Base */ = {isa = PBXFileReference; lastKnownFileType = file.storyboard; name = Base; path = Base.lproj/Main.storyboard; sourceTree = "<group>"; };
		945ED7FB28151E3E004D6C6F /* Assets.xcassets */ = {isa = PBXFileReference; lastKnownFileType = folder.assetcatalog; path = Assets.xcassets; sourceTree = "<group>"; };
		945ED7FE28151E3E004D6C6F /* Base */ = {isa = PBXFileReference; lastKnownFileType = file.storyboard; name = Base; path = Base.lproj/LaunchScreen.storyboard; sourceTree = "<group>"; };
		945ED80028151E3E004D6C6F /* Info.plist */ = {isa = PBXFileReference; lastKnownFileType = text.plist.xml; path = Info.plist; sourceTree = "<group>"; };
/* End PBXFileReference section */

/* Begin PBXFrameworksBuildPhase section */
		945ED7EC28151E3C004D6C6F /* Frameworks */ = {
			isa = PBXFrameworksBuildPhase;
			buildActionMask = 2147483647;
			files = (
			);
			runOnlyForDeploymentPostprocessing = 0;
		};
/* End PBXFrameworksBuildPhase section */

/* Begin PBXGroup section */
		945ED7E628151E3C004D6C6F = {
			isa = PBXGroup;
			children = (
				945ED7F128151E3C004D6C6F /* SuperStox */,
				945ED7F028151E3C004D6C6F /* Products */,
			);
			sourceTree = "<group>";
		};
		945ED7F028151E3C004D6C6F /* Products */ = {
			isa = PBXGroup;
			children = (
				945ED7EF28151E3C004D6C6F /* SuperStox.app */,
			);
			name = Products;
			sourceTree = "<group>";
		};
		945ED7F128151E3C004D6C6F /* SuperStox */ = {
			isa = PBXGroup;
			children = (
				945ED7F228151E3C004D6C6F /* AppDelegate.swift */,
				945ED7F428151E3C004D6C6F /* SceneDelegate.swift */,
				945ED7F628151E3C004D6C6F /* ViewController.swift */,
				945ED7F828151E3C004D6C6F /* Main.storyboard */,
				9415ED4428154CAE00BDD146 /* ArticleTableViewCell.swift */,
				9415ED4228154B9600BDD146 /* ArticleCollectionView.swift */,
				945ED7FB28151E3E004D6C6F /* Assets.xcassets */,
				945ED7FD28151E3E004D6C6F /* LaunchScreen.storyboard */,
				945ED80028151E3E004D6C6F /* Info.plist */,
			);
			path = SuperStox;
			sourceTree = "<group>";
		};
/* End PBXGroup section */

/* Begin PBXNativeTarget section */
		945ED7EE28151E3C004D6C6F /* SuperStox */ = {
			isa = PBXNativeTarget;
			buildConfigurationList = 945ED80328151E3E004D6C6F /* Build configuration list for PBXNativeTarget "SuperStox" */;
			buildPhases = (
				945ED7EB28151E3C004D6C6F /* Sources */,
				945ED7EC28151E3C004D6C6F /* Frameworks */,
				945ED7ED28151E3C004D6C6F /* Resources */,
			);
			buildRules = (
			);
			dependencies = (
			);
			name = SuperStox;
			productName = SuperStox;
			productReference = 945ED7EF28151E3C004D6C6F /* SuperStox.app */;
			productType = "com.apple.product-type.application";
		};
/* End PBXNativeTarget section */

/* Begin PBXProject section */
		945ED7E728151E3C004D6C6F /* Project object */ = {
			isa = PBXProject;
			attributes = {
				BuildIndependentTargetsInParallel = 1;
				LastSwiftUpdateCheck = 1300;
				LastUpgradeCheck = 1300;
				TargetAttributes = {
					945ED7EE28151E3C004D6C6F = {
						CreatedOnToolsVersion = 13.0;
					};
				};
			};
			buildConfigurationList = 945ED7EA28151E3C004D6C6F /* Build configuration list for PBXProject "SuperStox" */;
			compatibilityVersion = "Xcode 13.0";
			developmentRegion = en;
			hasScannedForEncodings = 0;
			knownRegions = (
				en,
				Base,
			);
			mainGroup = 945ED7E628151E3C004D6C6F;
			productRefGroup = 945ED7F028151E3C004D6C6F /* Products */;
			projectDirPath = "";
			projectRoot = "";
			targets = (
				945ED7EE28151E3C004D6C6F /* SuperStox */,
			);
		};
/* End PBXProject section */

/* Begin PBXResourcesBuildPhase section */
		945ED7ED28151E3C004D6C6F /* Resources */ = {
			isa = PBXResourcesBuildPhase;
			buildActionMask = 2147483647;
			files = (
				945ED7FF28151E3E004D6C6F /* LaunchScreen.storyboard in Resources */,
				945ED7FC28151E3E004D6C6F /* Assets.xcassets in Resources */,
				945ED7FA28151E3C004D6C6F /* Main.storyboard in Resources */,
			);
			runOnlyForDeploymentPostprocessing = 0;
		};
/* End PBXResourcesBuildPhase section */

/* Begin PBXSourcesBuildPhase section */
		945ED7EB28151E3C004D6C6F /* Sources */ = {
			isa = PBXSourcesBuildPhase;
			buildActionMask = 2147483647;
			files = (
				9415ED4528154CAE00BDD146 /* ArticleTableViewCell.swift in Sources */,
				945ED7F728151E3C004D6C6F /* ViewController.swift in Sources */,
				9415ED4328154B9600BDD146 /* ArticleCollectionView.swift in Sources */,
				945ED7F328151E3C004D6C6F /* AppDelegate.swift in Sources */,
				945ED7F528151E3C004D6C6F /* SceneDelegate.swift in Sources */,
			);
			runOnlyForDeploymentPostprocessing = 0;
		};
/* End PBXSourcesBuildPhase section */

/* Begin PBXVariantGroup section */
		945ED7F828151E3C004D6C6F /* Main.storyboard */ = {
			isa = PBXVariantGroup;
			children = (
				945ED7F928151E3C004D6C6F /* Base */,
			);
			name = Main.storyboard;
			sourceTree = "<group>";
		};
		945ED7FD28151E3E004D6C6F /* LaunchScreen.storyboard */ = {
			isa = PBXVariantGroup;
			children = (
				945ED7FE28151E3E004D6C6F /* Base */,
			);
			name = LaunchScreen.storyboard;
			sourceTree = "<group>";
		};
/* End PBXVariantGroup section */

/* Begin XCBuildConfiguration section */
		945ED80128151E3E004D6C6F /* Debug */ = {
			isa = XCBuildConfiguration;
			buildSettings = {
				ALWAYS_SEARCH_USER_PATHS = NO;
				CLANG_ANALYZER_NONNULL = YES;
				CLANG_ANALYZER_NUMBER_OBJECT_CONVERSION = YES_AGGRESSIVE;
				CLANG_CXX_LANGUAGE_STANDARD = "gnu++17";
				CLANG_CXX_LIBRARY = "libc++";
				CLANG_ENABLE_MODULES = YES;
				CLANG_ENABLE_OBJC_ARC = YES;
				CLANG_ENABLE_OBJC_WEAK = YES;
				CLANG_WARN_BLOCK_CAPTURE_AUTORELEASING = YES;
				CLANG_WARN_BOOL_CONVERSION = YES;
				CLANG_WARN_COMMA = YES;
				CLANG_WARN_CONSTANT_CONVERSION = YES;
				CLANG_WARN_DEPRECATED_OBJC_IMPLEMENTATIONS = YES;
				CLANG_WARN_DIRECT_OBJC_ISA_USAGE = YES_ERROR;
				CLANG_WARN_DOCUMENTATION_COMMENTS = YES;
				CLANG_WARN_EMPTY_BODY = YES;
				CLANG_WARN_ENUM_CONVERSION = YES;
				CLANG_WARN_INFINITE_RECURSION = YES;
				CLANG_WARN_INT_CONVERSION = YES;
				CLANG_WARN_NON_LITERAL_NULL_CONVERSION = YES;
				CLANG_WARN_OBJC_IMPLICIT_RETAIN_SELF = YES;
				CLANG_WARN_OBJC_LITERAL_CONVERSION = YES;
				CLANG_WARN_OBJC_ROOT_CLASS = YES_ERROR;
				CLANG_WARN_QUOTED_INCLUDE_IN_FRAMEWORK_HEADER = YES;
				CLANG_WARN_RANGE_LOOP_ANALYSIS = YES;
				CLANG_WARN_STRICT_PROTOTYPES = YES;
				CLANG_WARN_SUSPICIOUS_MOVE = YES;
				CLANG_WARN_UNGUARDED_AVAILABILITY = YES_AGGRESSIVE;
				CLANG_WARN_UNREACHABLE_CODE = YES;
				CLANG_WARN__DUPLICATE_METHOD_MATCH = YES;
				COPY_PHASE_STRIP = NO;
				DEBUG_INFORMATION_FORMAT = dwarf;
				ENABLE_STRICT_OBJC_MSGSEND = YES;
				ENABLE_TESTABILITY = YES;
				GCC_C_LANGUAGE_STANDARD = gnu11;
				GCC_DYNAMIC_NO_PIC = NO;
				GCC_NO_COMMON_BLOCKS = YES;
				GCC_OPTIMIZATION_LEVEL = 0;
				GCC_PREPROCESSOR_DEFINITIONS = (
					"DEBUG=1",
					"$(inherited)",
				);
				GCC_WARN_64_TO_32_BIT_CONVERSION = YES;
				GCC_WARN_ABOUT_RETURN_TYPE = YES_ERROR;
				GCC_WARN_UNDECLARED_SELECTOR = YES;
				GCC_WARN_UNINITIALIZED_AUTOS = YES_AGGRESSIVE;
				GCC_WARN_UNUSED_FUNCTION = YES;
				GCC_WARN_UNUSED_VARIABLE = YES;
				IPHONEOS_DEPLOYMENT_TARGET = 15.0;
				MTL_ENABLE_DEBUG_INFO = INCLUDE_SOURCE;
				MTL_FAST_MATH = YES;
				ONLY_ACTIVE_ARCH = YES;
				SDKROOT = iphoneos;
				SWIFT_ACTIVE_COMPILATION_CONDITIONS = DEBUG;
				SWIFT_OPTIMIZATION_LEVEL = "-Onone";
			};
			name = Debug;
		};
		945ED80228151E3E004D6C6F /* Release */ = {
			isa = XCBuildConfiguration;
			buildSettings = {
				ALWAYS_SEARCH_USER_PATHS = NO;
				CLANG_ANALYZER_NONNULL = YES;
				CLANG_ANALYZER_NUMBER_OBJECT_CONVERSION = YES_AGGRESSIVE;
				CLANG_CXX_LANGUAGE_STANDARD = "gnu++17";
				CLANG_CXX_LIBRARY = "libc++";
				CLANG_ENABLE_MODULES = YES;
				CLANG_ENABLE_OBJC_ARC = YES;
				CLANG_ENABLE_OBJC_WEAK = YES;
				CLANG_WARN_BLOCK_CAPTURE_AUTORELEASING = YES;
				CLANG_WARN_BOOL_CONVERSION = YES;
				CLANG_WARN_COMMA = YES;
				CLANG_WARN_CONSTANT_CONVERSION = YES;
				CLANG_WARN_DEPRECATED_OBJC_IMPLEMENTATIONS = YES;
				CLANG_WARN_DIRECT_OBJC_ISA_USAGE = YES_ERROR;
				CLANG_WARN_DOCUMENTATION_COMMENTS = YES;
				CLANG_WARN_EMPTY_BODY = YES;
				CLANG_WARN_ENUM_CONVERSION = YES;
				CLANG_WARN_INFINITE_RECURSION = YES;
				CLANG_WARN_INT_CONVERSION = YES;
				CLANG_WARN_NON_LITERAL_NULL_CONVERSION = YES;
				CLANG_WARN_OBJC_IMPLICIT_RETAIN_SELF = YES;
				CLANG_WARN_OBJC_LITERAL_CONVERSION = YES;
				CLANG_WARN_OBJC_ROOT_CLASS = YES_ERROR;
				CLANG_WARN_QUOTED_INCLUDE_IN_FRAMEWORK_HEADER = YES;
				CLANG_WARN_RANGE_LOOP_ANALYSIS = YES;
				CLANG_WARN_STRICT_PROTOTYPES = YES;
				CLANG_WARN_SUSPICIOUS_MOVE = YES;
				CLANG_WARN_UNGUARDED_AVAILABILITY = YES_AGGRESSIVE;
				CLANG_WARN_UNREACHABLE_CODE = YES;
				CLANG_WARN__DUPLICATE_METHOD_MATCH = YES;
				COPY_PHASE_STRIP = NO;
				DEBUG_INFORMATION_FORMAT = "dwarf-with-dsym";
				ENABLE_NS_ASSERTIONS = NO;
				ENABLE_STRICT_OBJC_MSGSEND = YES;
				GCC_C_LANGUAGE_STANDARD = gnu11;
				GCC_NO_COMMON_BLOCKS = YES;
				GCC_WARN_64_TO_32_BIT_CONVERSION = YES;
				GCC_WARN_ABOUT_RETURN_TYPE = YES_ERROR;
				GCC_WARN_UNDECLARED_SELECTOR = YES;
				GCC_WARN_UNINITIALIZED_AUTOS = YES_AGGRESSIVE;
				GCC_WARN_UNUSED_FUNCTION = YES;
				GCC_WARN_UNUSED_VARIABLE = YES;
				IPHONEOS_DEPLOYMENT_TARGET = 15.0;
				MTL_ENABLE_DEBUG_INFO = NO;
				MTL_FAST_MATH = YES;
				SDKROOT = iphoneos;
				SWIFT_COMPILATION_MODE = wholemodule;
				SWIFT_OPTIMIZATION_LEVEL = "-O";
				VALIDATE_PRODUCT = YES;
			};
			name = Release;
		};
		945ED80428151E3E004D6C6F /* Debug */ = {
			isa = XCBuildConfiguration;
			buildSettings = {
				ASSETCATALOG_COMPILER_APPICON_NAME = AppIcon;
				ASSETCATALOG_COMPILER_GLOBAL_ACCENT_COLOR_NAME = AccentColor;
				CODE_SIGN_STYLE = Automatic;
				CURRENT_PROJECT_VERSION = 1;
				DEVELOPMENT_TEAM = JPTYG3YDP2;
				GENERATE_INFOPLIST_FILE = YES;
				INFOPLIST_FILE = SuperStox/Info.plist;
				INFOPLIST_KEY_UIApplicationSupportsIndirectInputEvents = YES;
				INFOPLIST_KEY_UILaunchStoryboardName = LaunchScreen;
				INFOPLIST_KEY_UIMainStoryboardFile = Main;
				INFOPLIST_KEY_UISupportedInterfaceOrientations_iPad = "UIInterfaceOrientationPortrait UIInterfaceOrientationPortraitUpsideDown UIInterfaceOrientationLandscapeLeft UIInterfaceOrientationLandscapeRight";
				INFOPLIST_KEY_UISupportedInterfaceOrientations_iPhone = "UIInterfaceOrientationPortrait UIInterfaceOrientationLandscapeLeft UIInterfaceOrientationLandscapeRight";
				LD_RUNPATH_SEARCH_PATHS = (
					"$(inherited)",
					"@executable_path/Frameworks",
				);
				MARKETING_VERSION = 1.0;
				PRODUCT_BUNDLE_IDENTIFIER = TheSuperStore.in.SuperStox;
				PRODUCT_NAME = "$(TARGET_NAME)";
				SWIFT_EMIT_LOC_STRINGS = YES;
				SWIFT_VERSION = 5.0;
				TARGETED_DEVICE_FAMILY = "1,2";
			};
			name = Debug;
		};
		945ED80528151E3E004D6C6F /* Release */ = {
			isa = XCBuildConfiguration;
			buildSettings = {
				ASSETCATALOG_COMPILER_APPICON_NAME = AppIcon;
				ASSETCATALOG_COMPILER_GLOBAL_ACCENT_COLOR_NAME = AccentColor;
				CODE_SIGN_STYLE = Automatic;
				CURRENT_PROJECT_VERSION = 1;
				DEVELOPMENT_TEAM = JPTYG3YDP2;
				GENERATE_INFOPLIST_FILE = YES;
				INFOPLIST_FILE = SuperStox/Info.plist;
				INFOPLIST_KEY_UIApplicationSupportsIndirectInputEvents = YES;
				INFOPLIST_KEY_UILaunchStoryboardName = LaunchScreen;
				INFOPLIST_KEY_UIMainStoryboardFile = Main;
				INFOPLIST_KEY_UISupportedInterfaceOrientations_iPad = "UIInterfaceOrientationPortrait UIInterfaceOrientationPortraitUpsideDown UIInterfaceOrientationLandscapeLeft UIInterfaceOrientationLandscapeRight";
				INFOPLIST_KEY_UISupportedInterfaceOrientations_iPhone = "UIInterfaceOrientationPortrait UIInterfaceOrientationLandscapeLeft UIInterfaceOrientationLandscapeRight";
				LD_RUNPATH_SEARCH_PATHS = (
					"$(inherited)",
					"@executable_path/Frameworks",
				);
				MARKETING_VERSION = 1.0;
				PRODUCT_BUNDLE_IDENTIFIER = TheSuperStore.in.SuperStox;
				PRODUCT_NAME = "$(TARGET_NAME)";
				SWIFT_EMIT_LOC_STRINGS = YES;
				SWIFT_VERSION = 5.0;
				TARGETED_DEVICE_FAMILY = "1,2";
			};
			name = Release;
		};
/* End XCBuildConfiguration section */

/* Begin XCConfigurationList section */
		945ED7EA28151E3C004D6C6F /* Build configuration list for PBXProject "SuperStox" */ = {
			isa = XCConfigurationList;
			buildConfigurations = (
				945ED80128151E3E004D6C6F /* Debug */,
				945ED80228151E3E004D6C6F /* Release */,
			);
			defaultConfigurationIsVisible = 0;
			defaultConfigurationName = Release;
		};
		945ED80328151E3E004D6C6F /* Build configuration list for PBXNativeTarget "SuperStox" */ = {
			isa = XCConfigurationList;
			buildConfigurations = (
				945ED80428151E3E004D6C6F /* Debug */,
				945ED80528151E3E004D6C6F /* Release */,
			);
			defaultConfigurationIsVisible = 0;
			defaultConfigurationName = Release;
		};
/* End XCConfigurationList section */
	};
	rootObject = 945ED7E728151E3C004D6C6F /* Project object */;
}
